
Microsoft Visual Studio Solution File, Format Version 12.00
# Visual Studio 15
VisualStudioVersion = 15.0.28010.2041
MinimumVisualStudioVersion = 10.0.40219.1
Project("{9A19103F-16F7-4668-BE54-9A1E7A4F7556}") = "Singleton", "Patterns\Singleton.csproj", "{5492D46E-113E-42A3-91BC-44FCD646CBD9}"
EndProject
Project("{FAE04EC0-301F-11D3-BF4B-00C04F79EFBC}") = "Bridge", "Bridge\Bridge\Bridge.csproj", "{A066212E-A2BE-4DB9-A6B1-13C006D747F3}"
EndProject
Global
	GlobalSection(SolutionConfigurationPlatforms) = preSolution
		Debug|Any CPU = Debug|Any CPU
		Release|Any CPU = Release|Any CPU
	EndGlobalSection
	GlobalSection(ProjectConfigurationPlatforms) = postSolution
		{5492D46E-113E-42A3-91BC-44FCD646CBD9}.Debug|Any CPU.ActiveCfg = Debug|Any CPU
		{5492D46E-113E-42A3-91BC-44FCD646CBD9}.Debug|Any CPU.Build.0 = Debug|Any CPU
		{5492D46E-113E-42A3-91BC-44FCD646CBD9}.Release|Any CPU.ActiveCfg = Release|Any CPU
		{5492D46E-113E-42A3-91BC-44FCD646CBD9}.Release|Any CPU.Build.0 = Release|Any CPU
		{A066212E-A2BE-4DB9-A6B1-13C006D747F3}.Debug|Any CPU.ActiveCfg = Debug|Any CPU
		{A066212E-A2BE-4DB9-A6B1-13C006D747F3}.Debug|Any CPU.Build.0 = Debug|Any CPU
		{A066212E-A2BE-4DB9-A6B1-13C006D747F3}.Release|Any CPU.ActiveCfg = Release|Any CPU
		{A066212E-A2BE-4DB9-A6B1-13C006D747F3}.Release|Any CPU.Build.0 = Release|Any CPU
	EndGlobalSection
	GlobalSection(SolutionProperties) = preSolution
		HideSolutionNode = FALSE
	EndGlobalSection
	GlobalSection(ExtensibilityGlobals) = postSolution
		SolutionGuid = {5A747790-10E9-4E6E-82C2-41A5AA080451}
	EndGlobalSection
EndGlobal
